// !$*UTF8*$!
{
	archiveVersion = 1;
	classes = {
	};
	objectVersion = 50;
	objects = {

/* Begin PBXBuildFile section */
		AD70C54926BFDFB000AC65BD /* BasePage.swift in Sources */ = {isa = PBXBuildFile; fileRef = AD70C54826BFDFB000AC65BD /* BasePage.swift */; };
		AD70C54F26BFE0F200AC65BD /* AllPhotosPage.swift in Sources */ = {isa = PBXBuildFile; fileRef = AD70C54E26BFE0F200AC65BD /* AllPhotosPage.swift */; };
		AD70C55126BFE16C00AC65BD /* BaseTest.swift in Sources */ = {isa = PBXBuildFile; fileRef = AD70C55026BFE16C00AC65BD /* BaseTest.swift */; };
		AD70C55326BFE2A100AC65BD /* AllPhotosPage_Tests.swift in Sources */ = {isa = PBXBuildFile; fileRef = AD70C55226BFE2A100AC65BD /* AllPhotosPage_Tests.swift */; };
		AD70C55726C014E300AC65BD /* WhatsNewPage.swift in Sources */ = {isa = PBXBuildFile; fileRef = AD70C55626C014E300AC65BD /* WhatsNewPage.swift */; };
		AD70C55926C020B500AC65BD /* PhotoDetailsPage.swift in Sources */ = {isa = PBXBuildFile; fileRef = AD70C55826C020B500AC65BD /* PhotoDetailsPage.swift */; };
/* End PBXBuildFile section */

/* Begin PBXFileReference section */
		AD70C53F26BFDF5500AC65BD /* AssignmentiOSUITests.xctest */ = {isa = PBXFileReference; explicitFileType = wrapper.cfbundle; includeInIndex = 0; path = AssignmentiOSUITests.xctest; sourceTree = BUILT_PRODUCTS_DIR; };
		AD70C54326BFDF5500AC65BD /* Info.plist */ = {isa = PBXFileReference; lastKnownFileType = text.plist.xml; path = Info.plist; sourceTree = "<group>"; };
		AD70C54826BFDFB000AC65BD /* BasePage.swift */ = {isa = PBXFileReference; lastKnownFileType = sourcecode.swift; path = BasePage.swift; sourceTree = "<group>"; };
		AD70C54E26BFE0F200AC65BD /* AllPhotosPage.swift */ = {isa = PBXFileReference; lastKnownFileType = sourcecode.swift; path = AllPhotosPage.swift; sourceTree = "<group>"; };
		AD70C55026BFE16C00AC65BD /* BaseTest.swift */ = {isa = PBXFileReference; lastKnownFileType = sourcecode.swift; path = BaseTest.swift; sourceTree = "<group>"; };
		AD70C55226BFE2A100AC65BD /* AllPhotosPage_Tests.swift */ = {isa = PBXFileReference; lastKnownFileType = sourcecode.swift; path = AllPhotosPage_Tests.swift; sourceTree = "<group>"; };
		AD70C55626C014E300AC65BD /* WhatsNewPage.swift */ = {isa = PBXFileReference; lastKnownFileType = sourcecode.swift; path = WhatsNewPage.swift; sourceTree = "<group>"; };
		AD70C55826C020B500AC65BD /* PhotoDetailsPage.swift */ = {isa = PBXFileReference; lastKnownFileType = sourcecode.swift; path = PhotoDetailsPage.swift; sourceTree = "<group>"; };
/* End PBXFileReference section */

/* Begin PBXFrameworksBuildPhase section */
		AD70C53C26BFDF5500AC65BD /* Frameworks */ = {
			isa = PBXFrameworksBuildPhase;
			buildActionMask = 2147483647;
			files = (
			);
			runOnlyForDeploymentPostprocessing = 0;
		};
/* End PBXFrameworksBuildPhase section */

/* Begin PBXGroup section */
		AD70C51426BFDEF400AC65BD = {
			isa = PBXGroup;
			children = (
				AD70C54026BFDF5500AC65BD /* AssignmentiOSUITests */,
				AD70C52226BFDEF500AC65BD /* Products */,
			);
			sourceTree = "<group>";
		};
		AD70C52226BFDEF500AC65BD /* Products */ = {
			isa = PBXGroup;
			children = (
				AD70C53F26BFDF5500AC65BD /* AssignmentiOSUITests.xctest */,
			);
			name = Products;
			sourceTree = "<group>";
		};
		AD70C54026BFDF5500AC65BD /* AssignmentiOSUITests */ = {
			isa = PBXGroup;
			children = (
				AD70C54C26BFE0B500AC65BD /* Tests */,
				AD70C54726BFDF9B00AC65BD /* Pages */,
				AD70C54326BFDF5500AC65BD /* Info.plist */,
			);
			path = AssignmentiOSUITests;
			sourceTree = "<group>";
		};
		AD70C54726BFDF9B00AC65BD /* Pages */ = {
			isa = PBXGroup;
			children = (
				AD70C54826BFDFB000AC65BD /* BasePage.swift */,
				AD70C54E26BFE0F200AC65BD /* AllPhotosPage.swift */,
				AD70C55626C014E300AC65BD /* WhatsNewPage.swift */,
				AD70C55826C020B500AC65BD /* PhotoDetailsPage.swift */,
			);
			path = Pages;
			sourceTree = "<group>";
		};
		AD70C54C26BFE0B500AC65BD /* Tests */ = {
			isa = PBXGroup;
			children = (
				AD70C55026BFE16C00AC65BD /* BaseTest.swift */,
				AD70C55226BFE2A100AC65BD /* AllPhotosPage_Tests.swift */,
			);
			path = Tests;
			sourceTree = "<group>";
		};
/* End PBXGroup section */

/* Begin PBXNativeTarget section */
		AD70C53E26BFDF5500AC65BD /* AssignmentiOSUITests */ = {
			isa = PBXNativeTarget;
			buildConfigurationList = AD70C54426BFDF5500AC65BD /* Build configuration list for PBXNativeTarget "AssignmentiOSUITests" */;
			buildPhases = (
				AD70C53B26BFDF5500AC65BD /* Sources */,
				AD70C53C26BFDF5500AC65BD /* Frameworks */,
				AD70C53D26BFDF5500AC65BD /* Resources */,
			);
			buildRules = (
			);
			dependencies = (
			);
			name = AssignmentiOSUITests;
			productName = AssignmentiOSUITests;
			productReference = AD70C53F26BFDF5500AC65BD /* AssignmentiOSUITests.xctest */;
			productType = "com.apple.product-type.bundle.ui-testing";
		};
/* End PBXNativeTarget section */

/* Begin PBXProject section */
		AD70C51526BFDEF400AC65BD /* Project object */ = {
			isa = PBXProject;
			attributes = {
				LastSwiftUpdateCheck = 1250;
				LastUpgradeCheck = 1250;
				TargetAttributes = {
					AD70C53E26BFDF5500AC65BD = {
						CreatedOnToolsVersion = 12.5.1;
					};
				};
			};
			buildConfigurationList = AD70C51826BFDEF400AC65BD /* Build configuration list for PBXProject "Assignment" */;
			compatibilityVersion = "Xcode 9.3";
			developmentRegion = en;
			hasScannedForEncodings = 0;
			knownRegions = (
				en,
				Base,
			);
			mainGroup = AD70C51426BFDEF400AC65BD;
			productRefGroup = AD70C52226BFDEF500AC65BD /* Products */;
			projectDirPath = "";
			projectRoot = "";
			targets = (
				AD70C53E26BFDF5500AC65BD /* AssignmentiOSUITests */,
			);
		};
/* End PBXProject section */

/* Begin PBXResourcesBuildPhase section */
		AD70C53D26BFDF5500AC65BD /* Resources */ = {
			isa = PBXResourcesBuildPhase;
			buildActionMask = 2147483647;
			files = (
			);
			runOnlyForDeploymentPostprocessing = 0;
		};
/* End PBXResourcesBuildPhase section */

/* Begin PBXSourcesBuildPhase section */
		AD70C53B26BFDF5500AC65BD /* Sources */ = {
			isa = PBXSourcesBuildPhase;
			buildActionMask = 2147483647;
			files = (
				AD70C55926C020B500AC65BD /* PhotoDetailsPage.swift in Sources */,
				AD70C55726C014E300AC65BD /* WhatsNewPage.swift in Sources */,
				AD70C55326BFE2A100AC65BD /* AllPhotosPage_Tests.swift in Sources */,
				AD70C55126BFE16C00AC65BD /* BaseTest.swift in Sources */,
				AD70C54F26BFE0F200AC65BD /* AllPhotosPage.swift in Sources */,
				AD70C54926BFDFB000AC65BD /* BasePage.swift in Sources */,
			);
			runOnlyForDeploymentPostprocessing = 0;
		};
/* End PBXSourcesBuildPhase section */

/* Begin XCBuildConfiguration section */
		AD70C53326BFDEF500AC65BD /* Debug */ = {
			isa = XCBuildConfiguration;
			buildSettings = {
				ALWAYS_SEARCH_USER_PATHS = NO;
				CLANG_ANALYZER_NONNULL = YES;
				CLANG_ANALYZER_NUMBER_OBJECT_CONVERSION = YES_AGGRESSIVE;
				CLANG_CXX_LANGUAGE_STANDARD = "gnu++14";
				CLANG_CXX_LIBRARY = "libc++";
				CLANG_ENABLE_MODULES = YES;
				CLANG_ENABLE_OBJC_ARC = YES;
				CLANG_ENABLE_OBJC_WEAK = YES;
				CLANG_WARN_BLOCK_CAPTURE_AUTORELEASING = YES;
				CLANG_WARN_BOOL_CONVERSION = YES;
				CLANG_WARN_COMMA = YES;
				CLANG_WARN_CONSTANT_CONVERSION = YES;
				CLANG_WARN_DEPRECATED_OBJC_IMPLEMENTATIONS = YES;
				CLANG_WARN_DIRECT_OBJC_ISA_USAGE = YES_ERROR;
				CLANG_WARN_DOCUMENTATION_COMMENTS = YES;
				CLANG_WARN_EMPTY_BODY = YES;
				CLANG_WARN_ENUM_CONVERSION = YES;
				CLANG_WARN_INFINITE_RECURSION = YES;
				CLANG_WARN_INT_CONVERSION = YES;
				CLANG_WARN_NON_LITERAL_NULL_CONVERSION = YES;
				CLANG_WARN_OBJC_IMPLICIT_RETAIN_SELF = YES;
				CLANG_WARN_OBJC_LITERAL_CONVERSION = YES;
				CLANG_WARN_OBJC_ROOT_CLASS = YES_ERROR;
				CLANG_WARN_QUOTED_INCLUDE_IN_FRAMEWORK_HEADER = YES;
				CLANG_WARN_RANGE_LOOP_ANALYSIS = YES;
				CLANG_WARN_STRICT_PROTOTYPES = YES;
				CLANG_WARN_SUSPICIOUS_MOVE = YES;
				CLANG_WARN_UNGUARDED_AVAILABILITY = YES_AGGRESSIVE;
				CLANG_WARN_UNREACHABLE_CODE = YES;
				CLANG_WARN__DUPLICATE_METHOD_MATCH = YES;
				COPY_PHASE_STRIP = NO;
				DEBUG_INFORMATION_FORMAT = dwarf;
				ENABLE_STRICT_OBJC_MSGSEND = YES;
				ENABLE_TESTABILITY = YES;
				GCC_C_LANGUAGE_STANDARD = gnu11;
				GCC_DYNAMIC_NO_PIC = NO;
				GCC_NO_COMMON_BLOCKS = YES;
				GCC_OPTIMIZATION_LEVEL = 0;
				GCC_PREPROCESSOR_DEFINITIONS = (
					"DEBUG=1",
					"$(inherited)",
				);
				GCC_WARN_64_TO_32_BIT_CONVERSION = YES;
				GCC_WARN_ABOUT_RETURN_TYPE = YES_ERROR;
				GCC_WARN_UNDECLARED_SELECTOR = YES;
				GCC_WARN_UNINITIALIZED_AUTOS = YES_AGGRESSIVE;
				GCC_WARN_UNUSED_FUNCTION = YES;
				GCC_WARN_UNUSED_VARIABLE = YES;
				MTL_ENABLE_DEBUG_INFO = INCLUDE_SOURCE;
				MTL_FAST_MATH = YES;
				ONLY_ACTIVE_ARCH = YES;
				SWIFT_ACTIVE_COMPILATION_CONDITIONS = DEBUG;
				SWIFT_OPTIMIZATION_LEVEL = "-Onone";
			};
			name = Debug;
		};
		AD70C53426BFDEF500AC65BD /* Release */ = {
			isa = XCBuildConfiguration;
			buildSettings = {
				ALWAYS_SEARCH_USER_PATHS = NO;
				CLANG_ANALYZER_NONNULL = YES;
				CLANG_ANALYZER_NUMBER_OBJECT_CONVERSION = YES_AGGRESSIVE;
				CLANG_CXX_LANGUAGE_STANDARD = "gnu++14";
				CLANG_CXX_LIBRARY = "libc++";
				CLANG_ENABLE_MODULES = YES;
				CLANG_ENABLE_OBJC_ARC = YES;
				CLANG_ENABLE_OBJC_WEAK = YES;
				CLANG_WARN_BLOCK_CAPTURE_AUTORELEASING = YES;
				CLANG_WARN_BOOL_CONVERSION = YES;
				CLANG_WARN_COMMA = YES;
				CLANG_WARN_CONSTANT_CONVERSION = YES;
				CLANG_WARN_DEPRECATED_OBJC_IMPLEMENTATIONS = YES;
				CLANG_WARN_DIRECT_OBJC_ISA_USAGE = YES_ERROR;
				CLANG_WARN_DOCUMENTATION_COMMENTS = YES;
				CLANG_WARN_EMPTY_BODY = YES;
				CLANG_WARN_ENUM_CONVERSION = YES;
				CLANG_WARN_INFINITE_RECURSION = YES;
				CLANG_WARN_INT_CONVERSION = YES;
				CLANG_WARN_NON_LITERAL_NULL_CONVERSION = YES;
				CLANG_WARN_OBJC_IMPLICIT_RETAIN_SELF = YES;
				CLANG_WARN_OBJC_LITERAL_CONVERSION = YES;
				CLANG_WARN_OBJC_ROOT_CLASS = YES_ERROR;
				CLANG_WARN_QUOTED_INCLUDE_IN_FRAMEWORK_HEADER = YES;
				CLANG_WARN_RANGE_LOOP_ANALYSIS = YES;
				CLANG_WARN_STRICT_PROTOTYPES = YES;
				CLANG_WARN_SUSPICIOUS_MOVE = YES;
				CLANG_WARN_UNGUARDED_AVAILABILITY = YES_AGGRESSIVE;
				CLANG_WARN_UNREACHABLE_CODE = YES;
				CLANG_WARN__DUPLICATE_METHOD_MATCH = YES;
				COPY_PHASE_STRIP = NO;
				DEBUG_INFORMATION_FORMAT = "dwarf-with-dsym";
				ENABLE_NS_ASSERTIONS = NO;
				ENABLE_STRICT_OBJC_MSGSEND = YES;
				GCC_C_LANGUAGE_STANDARD = gnu11;
				GCC_NO_COMMON_BLOCKS = YES;
				GCC_WARN_64_TO_32_BIT_CONVERSION = YES;
				GCC_WARN_ABOUT_RETURN_TYPE = YES_ERROR;
				GCC_WARN_UNDECLARED_SELECTOR = YES;
				GCC_WARN_UNINITIALIZED_AUTOS = YES_AGGRESSIVE;
				GCC_WARN_UNUSED_FUNCTION = YES;
				GCC_WARN_UNUSED_VARIABLE = YES;
				MTL_ENABLE_DEBUG_INFO = NO;
				MTL_FAST_MATH = YES;
				SWIFT_COMPILATION_MODE = wholemodule;
				SWIFT_OPTIMIZATION_LEVEL = "-O";
			};
			name = Release;
		};
		AD70C54526BFDF5500AC65BD /* Debug */ = {
			isa = XCBuildConfiguration;
			buildSettings = {
				CODE_SIGN_STYLE = Automatic;
				INFOPLIST_FILE = AssignmentiOSUITests/Info.plist;
				IPHONEOS_DEPLOYMENT_TARGET = 14.5;
				LD_RUNPATH_SEARCH_PATHS = (
					"$(inherited)",
					"@executable_path/Frameworks",
					"@loader_path/Frameworks",
				);
				PRODUCT_BUNDLE_IDENTIFIER = homework.AssignmentiOSUITests;
				PRODUCT_NAME = "$(TARGET_NAME)";
				SDKROOT = iphoneos;
				SWIFT_VERSION = 5.0;
				TARGETED_DEVICE_FAMILY = "1,2";
			};
			name = Debug;
		};
		AD70C54626BFDF5500AC65BD /* Release */ = {
			isa = XCBuildConfiguration;
			buildSettings = {
				CODE_SIGN_STYLE = Automatic;
				INFOPLIST_FILE = AssignmentiOSUITests/Info.plist;
				IPHONEOS_DEPLOYMENT_TARGET = 14.5;
				LD_RUNPATH_SEARCH_PATHS = (
					"$(inherited)",
					"@executable_path/Frameworks",
					"@loader_path/Frameworks",
				);
				PRODUCT_BUNDLE_IDENTIFIER = homework.AssignmentiOSUITests;
				PRODUCT_NAME = "$(TARGET_NAME)";
				SDKROOT = iphoneos;
				SWIFT_VERSION = 5.0;
				TARGETED_DEVICE_FAMILY = "1,2";
				VALIDATE_PRODUCT = YES;
			};
			name = Release;
		};
/* End XCBuildConfiguration section */

/* Begin XCConfigurationList section */
		AD70C51826BFDEF400AC65BD /* Build configuration list for PBXProject "Assignment" */ = {
			isa = XCConfigurationList;
			buildConfigurations = (
				AD70C53326BFDEF500AC65BD /* Debug */,
				AD70C53426BFDEF500AC65BD /* Release */,
			);
			defaultConfigurationIsVisible = 0;
			defaultConfigurationName = Release;
		};
		AD70C54426BFDF5500AC65BD /* Build configuration list for PBXNativeTarget "AssignmentiOSUITests" */ = {
			isa = XCConfigurationList;
			buildConfigurations = (
				AD70C54526BFDF5500AC65BD /* Debug */,
				AD70C54626BFDF5500AC65BD /* Release */,
			);
			defaultConfigurationIsVisible = 0;
			defaultConfigurationName = Release;
		};
/* End XCConfigurationList section */
	};
	rootObject = AD70C51526BFDEF400AC65BD /* Project object */;
}
